// !$*UTF8*$!
{
	archiveVersion = 1;
	classes = {
	};
	objectVersion = 56;
	objects = {

/* Begin PBXBuildFile section */
		1B011C522A581ABB0009DAC8 /* SpecialVR.swift in Sources */ = {isa = PBXBuildFile; fileRef = 1B011C512A581ABB0009DAC8 /* SpecialVR.swift */; };
		1B011C542A581AF00009DAC8 /* PremiumStick.swift in Sources */ = {isa = PBXBuildFile; fileRef = 1B011C532A581AF00009DAC8 /* PremiumStick.swift */; };
		1B011C562A581B0F0009DAC8 /* PremiumGyro.swift in Sources */ = {isa = PBXBuildFile; fileRef = 1B011C552A581B0F0009DAC8 /* PremiumGyro.swift */; };
		1B011C582A581B2E0009DAC8 /* PremiumVR.swift in Sources */ = {isa = PBXBuildFile; fileRef = 1B011C572A581B2E0009DAC8 /* PremiumVR.swift */; };
		1B45022E2A3FDE580002F5D9 /* mechatro3App.swift in Sources */ = {isa = PBXBuildFile; fileRef = 1B45022D2A3FDE580002F5D9 /* mechatro3App.swift */; };
		1B4502302A3FDE580002F5D9 /* ContentView.swift in Sources */ = {isa = PBXBuildFile; fileRef = 1B45022F2A3FDE580002F5D9 /* ContentView.swift */; };
		1B4502322A3FDE590002F5D9 /* Assets.xcassets in Resources */ = {isa = PBXBuildFile; fileRef = 1B4502312A3FDE590002F5D9 /* Assets.xcassets */; };
		1B4502362A3FDE590002F5D9 /* Preview Assets.xcassets in Resources */ = {isa = PBXBuildFile; fileRef = 1B4502352A3FDE590002F5D9 /* Preview Assets.xcassets */; };
		1B45023D2A3FDED70002F5D9 /* LaunchScreen.swift in Sources */ = {isa = PBXBuildFile; fileRef = 1B45023C2A3FDED70002F5D9 /* LaunchScreen.swift */; };
		1B45023F2A3FE09A0002F5D9 /* HomeView.swift in Sources */ = {isa = PBXBuildFile; fileRef = 1B45023E2A3FE09A0002F5D9 /* HomeView.swift */; };
		1B4502412A3FE1750002F5D9 /* NormalStickView.swift in Sources */ = {isa = PBXBuildFile; fileRef = 1B4502402A3FE1750002F5D9 /* NormalStickView.swift */; };
		1B4502432A3FE2760002F5D9 /* NormalGyroView.swift in Sources */ = {isa = PBXBuildFile; fileRef = 1B4502422A3FE2760002F5D9 /* NormalGyroView.swift */; };
		1B4502452A3FE2C00002F5D9 /* SpecialStickView.swift in Sources */ = {isa = PBXBuildFile; fileRef = 1B4502442A3FE2C00002F5D9 /* SpecialStickView.swift */; };
		1B4502472A3FE30B0002F5D9 /* SpecialGyroView.swift in Sources */ = {isa = PBXBuildFile; fileRef = 1B4502462A3FE30B0002F5D9 /* SpecialGyroView.swift */; };
		1B4502492A3FEAA00002F5D9 /* SendClass.swift in Sources */ = {isa = PBXBuildFile; fileRef = 1B4502482A3FEAA00002F5D9 /* SendClass.swift */; };
		1B45024B2A3FEAC60002F5D9 /* ReceiveClass.swift in Sources */ = {isa = PBXBuildFile; fileRef = 1B45024A2A3FEAC60002F5D9 /* ReceiveClass.swift */; };
		1B6891A52A625E540078BAB3 /* stickcont.swift in Sources */ = {isa = PBXBuildFile; fileRef = 1B6891A42A625E540078BAB3 /* stickcont.swift */; };
		1B90C9522A63B60400AE2425 /* gyrocont.swift in Sources */ = {isa = PBXBuildFile; fileRef = 1B90C9512A63B60400AE2425 /* gyrocont.swift */; };
		1B90C9542A63CB9E00AE2425 /* stickcont_f.swift in Sources */ = {isa = PBXBuildFile; fileRef = 1B90C9532A63CB9E00AE2425 /* stickcont_f.swift */; };
		1B90C9562A63CBB100AE2425 /* gyrocont_f.swift in Sources */ = {isa = PBXBuildFile; fileRef = 1B90C9552A63CBB100AE2425 /* gyrocont_f.swift */; };
		1BE4981C2A6E159900E402BF /* SwiftUIView.swift in Sources */ = {isa = PBXBuildFile; fileRef = 1BE4981B2A6E159900E402BF /* SwiftUIView.swift */; };
/* End PBXBuildFile section */

/* Begin PBXFileReference section */
		1B011C512A581ABB0009DAC8 /* SpecialVR.swift */ = {isa = PBXFileReference; lastKnownFileType = sourcecode.swift; path = SpecialVR.swift; sourceTree = "<group>"; };
		1B011C532A581AF00009DAC8 /* PremiumStick.swift */ = {isa = PBXFileReference; lastKnownFileType = sourcecode.swift; path = PremiumStick.swift; sourceTree = "<group>"; };
		1B011C552A581B0F0009DAC8 /* PremiumGyro.swift */ = {isa = PBXFileReference; lastKnownFileType = sourcecode.swift; path = PremiumGyro.swift; sourceTree = "<group>"; };
		1B011C572A581B2E0009DAC8 /* PremiumVR.swift */ = {isa = PBXFileReference; lastKnownFileType = sourcecode.swift; path = PremiumVR.swift; sourceTree = "<group>"; };
		1B45022A2A3FDE580002F5D9 /* mechatro3.app */ = {isa = PBXFileReference; explicitFileType = wrapper.application; includeInIndex = 0; path = mechatro3.app; sourceTree = BUILT_PRODUCTS_DIR; };
		1B45022D2A3FDE580002F5D9 /* mechatro3App.swift */ = {isa = PBXFileReference; lastKnownFileType = sourcecode.swift; path = mechatro3App.swift; sourceTree = "<group>"; };
		1B45022F2A3FDE580002F5D9 /* ContentView.swift */ = {isa = PBXFileReference; lastKnownFileType = sourcecode.swift; path = ContentView.swift; sourceTree = "<group>"; };
		1B4502312A3FDE590002F5D9 /* Assets.xcassets */ = {isa = PBXFileReference; lastKnownFileType = folder.assetcatalog; path = Assets.xcassets; sourceTree = "<group>"; };
		1B4502332A3FDE590002F5D9 /* mechatro3.entitlements */ = {isa = PBXFileReference; lastKnownFileType = text.plist.entitlements; path = mechatro3.entitlements; sourceTree = "<group>"; };
		1B4502352A3FDE590002F5D9 /* Preview Assets.xcassets */ = {isa = PBXFileReference; lastKnownFileType = folder.assetcatalog; path = "Preview Assets.xcassets"; sourceTree = "<group>"; };
		1B45023C2A3FDED70002F5D9 /* LaunchScreen.swift */ = {isa = PBXFileReference; lastKnownFileType = sourcecode.swift; path = LaunchScreen.swift; sourceTree = "<group>"; };
		1B45023E2A3FE09A0002F5D9 /* HomeView.swift */ = {isa = PBXFileReference; lastKnownFileType = sourcecode.swift; path = HomeView.swift; sourceTree = "<group>"; };
		1B4502402A3FE1750002F5D9 /* NormalStickView.swift */ = {isa = PBXFileReference; lastKnownFileType = sourcecode.swift; path = NormalStickView.swift; sourceTree = "<group>"; };
		1B4502422A3FE2760002F5D9 /* NormalGyroView.swift */ = {isa = PBXFileReference; lastKnownFileType = sourcecode.swift; path = NormalGyroView.swift; sourceTree = "<group>"; };
		1B4502442A3FE2C00002F5D9 /* SpecialStickView.swift */ = {isa = PBXFileReference; lastKnownFileType = sourcecode.swift; path = SpecialStickView.swift; sourceTree = "<group>"; };
		1B4502462A3FE30B0002F5D9 /* SpecialGyroView.swift */ = {isa = PBXFileReference; lastKnownFileType = sourcecode.swift; path = SpecialGyroView.swift; sourceTree = "<group>"; };
		1B4502482A3FEAA00002F5D9 /* SendClass.swift */ = {isa = PBXFileReference; lastKnownFileType = sourcecode.swift; path = SendClass.swift; sourceTree = "<group>"; };
		1B45024A2A3FEAC60002F5D9 /* ReceiveClass.swift */ = {isa = PBXFileReference; lastKnownFileType = sourcecode.swift; path = ReceiveClass.swift; sourceTree = "<group>"; };
		1B6891A42A625E540078BAB3 /* stickcont.swift */ = {isa = PBXFileReference; lastKnownFileType = sourcecode.swift; path = stickcont.swift; sourceTree = "<group>"; };
		1B90C9512A63B60400AE2425 /* gyrocont.swift */ = {isa = PBXFileReference; lastKnownFileType = sourcecode.swift; path = gyrocont.swift; sourceTree = "<group>"; };
		1B90C9532A63CB9E00AE2425 /* stickcont_f.swift */ = {isa = PBXFileReference; lastKnownFileType = sourcecode.swift; path = stickcont_f.swift; sourceTree = "<group>"; };
		1B90C9552A63CBB100AE2425 /* gyrocont_f.swift */ = {isa = PBXFileReference; lastKnownFileType = sourcecode.swift; path = gyrocont_f.swift; sourceTree = "<group>"; };
		1BE4981B2A6E159900E402BF /* SwiftUIView.swift */ = {isa = PBXFileReference; lastKnownFileType = sourcecode.swift; path = SwiftUIView.swift; sourceTree = "<group>"; };
/* End PBXFileReference section */

/* Begin PBXFrameworksBuildPhase section */
		1B4502272A3FDE580002F5D9 /* Frameworks */ = {
			isa = PBXFrameworksBuildPhase;
			buildActionMask = 2147483647;
			files = (
			);
			runOnlyForDeploymentPostprocessing = 0;
		};
/* End PBXFrameworksBuildPhase section */

/* Begin PBXGroup section */
		1B4502212A3FDE580002F5D9 = {
			isa = PBXGroup;
			children = (
				1B45022C2A3FDE580002F5D9 /* mechatro3 */,
				1B45022B2A3FDE580002F5D9 /* Products */,
			);
			sourceTree = "<group>";
		};
		1B45022B2A3FDE580002F5D9 /* Products */ = {
			isa = PBXGroup;
			children = (
				1B45022A2A3FDE580002F5D9 /* mechatro3.app */,
			);
			name = Products;
			sourceTree = "<group>";
		};
		1B45022C2A3FDE580002F5D9 /* mechatro3 */ = {
			isa = PBXGroup;
			children = (
				1B45022D2A3FDE580002F5D9 /* mechatro3App.swift */,
				1B45023C2A3FDED70002F5D9 /* LaunchScreen.swift */,
				1B45022F2A3FDE580002F5D9 /* ContentView.swift */,
				1B4502312A3FDE590002F5D9 /* Assets.xcassets */,
				1B4502332A3FDE590002F5D9 /* mechatro3.entitlements */,
				1B4502342A3FDE590002F5D9 /* Preview Content */,
				1B45023E2A3FE09A0002F5D9 /* HomeView.swift */,
				1B4502402A3FE1750002F5D9 /* NormalStickView.swift */,
				1B4502422A3FE2760002F5D9 /* NormalGyroView.swift */,
				1B4502442A3FE2C00002F5D9 /* SpecialStickView.swift */,
				1B4502462A3FE30B0002F5D9 /* SpecialGyroView.swift */,
				1B011C512A581ABB0009DAC8 /* SpecialVR.swift */,
				1B011C532A581AF00009DAC8 /* PremiumStick.swift */,
				1B011C552A581B0F0009DAC8 /* PremiumGyro.swift */,
				1B011C572A581B2E0009DAC8 /* PremiumVR.swift */,
				1B4502482A3FEAA00002F5D9 /* SendClass.swift */,
				1B45024A2A3FEAC60002F5D9 /* ReceiveClass.swift */,
				1B6891A42A625E540078BAB3 /* stickcont.swift */,
				1B90C9512A63B60400AE2425 /* gyrocont.swift */,
				1B90C9532A63CB9E00AE2425 /* stickcont_f.swift */,
				1B90C9552A63CBB100AE2425 /* gyrocont_f.swift */,
				1BE4981B2A6E159900E402BF /* SwiftUIView.swift */,
			);
			path = mechatro3;
			sourceTree = "<group>";
		};
		1B4502342A3FDE590002F5D9 /* Preview Content */ = {
			isa = PBXGroup;
			children = (
				1B4502352A3FDE590002F5D9 /* Preview Assets.xcassets */,
			);
			path = "Preview Content";
			sourceTree = "<group>";
		};
/* End PBXGroup section */

/* Begin PBXNativeTarget section */
		1B4502292A3FDE580002F5D9 /* mechatro3 */ = {
			isa = PBXNativeTarget;
			buildConfigurationList = 1B4502392A3FDE590002F5D9 /* Build configuration list for PBXNativeTarget "mechatro3" */;
			buildPhases = (
				1B4502262A3FDE580002F5D9 /* Sources */,
				1B4502272A3FDE580002F5D9 /* Frameworks */,
				1B4502282A3FDE580002F5D9 /* Resources */,
			);
			buildRules = (
			);
			dependencies = (
			);
			name = mechatro3;
			productName = mechatro3;
			productReference = 1B45022A2A3FDE580002F5D9 /* mechatro3.app */;
			productType = "com.apple.product-type.application";
		};
/* End PBXNativeTarget section */

/* Begin PBXProject section */
		1B4502222A3FDE580002F5D9 /* Project object */ = {
			isa = PBXProject;
			attributes = {
				BuildIndependentTargetsInParallel = 1;
				LastSwiftUpdateCheck = 1430;
				LastUpgradeCheck = 1430;
				TargetAttributes = {
					1B4502292A3FDE580002F5D9 = {
						CreatedOnToolsVersion = 14.3;
					};
				};
			};
			buildConfigurationList = 1B4502252A3FDE580002F5D9 /* Build configuration list for PBXProject "mechatro3" */;
			compatibilityVersion = "Xcode 14.0";
			developmentRegion = en;
			hasScannedForEncodings = 0;
			knownRegions = (
				en,
				Base,
			);
			mainGroup = 1B4502212A3FDE580002F5D9;
			productRefGroup = 1B45022B2A3FDE580002F5D9 /* Products */;
			projectDirPath = "";
			projectRoot = "";
			targets = (
				1B4502292A3FDE580002F5D9 /* mechatro3 */,
			);
		};
/* End PBXProject section */

/* Begin PBXResourcesBuildPhase section */
		1B4502282A3FDE580002F5D9 /* Resources */ = {
			isa = PBXResourcesBuildPhase;
			buildActionMask = 2147483647;
			files = (
				1B4502362A3FDE590002F5D9 /* Preview Assets.xcassets in Resources */,
				1B4502322A3FDE590002F5D9 /* Assets.xcassets in Resources */,
			);
			runOnlyForDeploymentPostprocessing = 0;
		};
/* End PBXResourcesBuildPhase section */

/* Begin PBXSourcesBuildPhase section */
		1B4502262A3FDE580002F5D9 /* Sources */ = {
			isa = PBXSourcesBuildPhase;
			buildActionMask = 2147483647;
			files = (
				1B4502302A3FDE580002F5D9 /* ContentView.swift in Sources */,
				1B90C9542A63CB9E00AE2425 /* stickcont_f.swift in Sources */,
				1B011C562A581B0F0009DAC8 /* PremiumGyro.swift in Sources */,
				1B90C9562A63CBB100AE2425 /* gyrocont_f.swift in Sources */,
				1B45023F2A3FE09A0002F5D9 /* HomeView.swift in Sources */,
				1B4502432A3FE2760002F5D9 /* NormalGyroView.swift in Sources */,
				1B4502412A3FE1750002F5D9 /* NormalStickView.swift in Sources */,
				1B4502452A3FE2C00002F5D9 /* SpecialStickView.swift in Sources */,
				1B4502472A3FE30B0002F5D9 /* SpecialGyroView.swift in Sources */,
				1BE4981C2A6E159900E402BF /* SwiftUIView.swift in Sources */,
				1B011C582A581B2E0009DAC8 /* PremiumVR.swift in Sources */,
				1B6891A52A625E540078BAB3 /* stickcont.swift in Sources */,
				1B45024B2A3FEAC60002F5D9 /* ReceiveClass.swift in Sources */,
				1B45022E2A3FDE580002F5D9 /* mechatro3App.swift in Sources */,
				1B011C522A581ABB0009DAC8 /* SpecialVR.swift in Sources */,
				1B45023D2A3FDED70002F5D9 /* LaunchScreen.swift in Sources */,
				1B011C542A581AF00009DAC8 /* PremiumStick.swift in Sources */,
				1B90C9522A63B60400AE2425 /* gyrocont.swift in Sources */,
				1B4502492A3FEAA00002F5D9 /* SendClass.swift in Sources */,
			);
			runOnlyForDeploymentPostprocessing = 0;
		};
/* End PBXSourcesBuildPhase section */

/* Begin XCBuildConfiguration section */
		1B4502372A3FDE590002F5D9 /* Debug */ = {
			isa = XCBuildConfiguration;
			buildSettings = {
				ALWAYS_SEARCH_USER_PATHS = NO;
				CLANG_ANALYZER_NONNULL = YES;
				CLANG_ANALYZER_NUMBER_OBJECT_CONVERSION = YES_AGGRESSIVE;
				CLANG_CXX_LANGUAGE_STANDARD = "gnu++20";
				CLANG_ENABLE_MODULES = YES;
				CLANG_ENABLE_OBJC_ARC = YES;
				CLANG_ENABLE_OBJC_WEAK = YES;
				CLANG_WARN_BLOCK_CAPTURE_AUTORELEASING = YES;
				CLANG_WARN_BOOL_CONVERSION = YES;
				CLANG_WARN_COMMA = YES;
				CLANG_WARN_CONSTANT_CONVERSION = YES;
				CLANG_WARN_DEPRECATED_OBJC_IMPLEMENTATIONS = YES;
				CLANG_WARN_DIRECT_OBJC_ISA_USAGE = YES_ERROR;
				CLANG_WARN_DOCUMENTATION_COMMENTS = YES;
				CLANG_WARN_EMPTY_BODY = YES;
				CLANG_WARN_ENUM_CONVERSION = YES;
				CLANG_WARN_INFINITE_RECURSION = YES;
				CLANG_WARN_INT_CONVERSION = YES;
				CLANG_WARN_NON_LITERAL_NULL_CONVERSION = YES;
				CLANG_WARN_OBJC_IMPLICIT_RETAIN_SELF = YES;
				CLANG_WARN_OBJC_LITERAL_CONVERSION = YES;
				CLANG_WARN_OBJC_ROOT_CLASS = YES_ERROR;
				CLANG_WARN_QUOTED_INCLUDE_IN_FRAMEWORK_HEADER = YES;
				CLANG_WARN_RANGE_LOOP_ANALYSIS = YES;
				CLANG_WARN_STRICT_PROTOTYPES = YES;
				CLANG_WARN_SUSPICIOUS_MOVE = YES;
				CLANG_WARN_UNGUARDED_AVAILABILITY = YES_AGGRESSIVE;
				CLANG_WARN_UNREACHABLE_CODE = YES;
				CLANG_WARN__DUPLICATE_METHOD_MATCH = YES;
				COPY_PHASE_STRIP = NO;
				DEBUG_INFORMATION_FORMAT = dwarf;
				ENABLE_STRICT_OBJC_MSGSEND = YES;
				ENABLE_TESTABILITY = YES;
				GCC_C_LANGUAGE_STANDARD = gnu11;
				GCC_DYNAMIC_NO_PIC = NO;
				GCC_NO_COMMON_BLOCKS = YES;
				GCC_OPTIMIZATION_LEVEL = 0;
				GCC_PREPROCESSOR_DEFINITIONS = (
					"DEBUG=1",
					"$(inherited)",
				);
				GCC_WARN_64_TO_32_BIT_CONVERSION = YES;
				GCC_WARN_ABOUT_RETURN_TYPE = YES_ERROR;
				GCC_WARN_UNDECLARED_SELECTOR = YES;
				GCC_WARN_UNINITIALIZED_AUTOS = YES_AGGRESSIVE;
				GCC_WARN_UNUSED_FUNCTION = YES;
				GCC_WARN_UNUSED_VARIABLE = YES;
				MTL_ENABLE_DEBUG_INFO = INCLUDE_SOURCE;
				MTL_FAST_MATH = YES;
				ONLY_ACTIVE_ARCH = YES;
				SWIFT_ACTIVE_COMPILATION_CONDITIONS = DEBUG;
				SWIFT_OPTIMIZATION_LEVEL = "-Onone";
			};
			name = Debug;
		};
		1B4502382A3FDE590002F5D9 /* Release */ = {
			isa = XCBuildConfiguration;
			buildSettings = {
				ALWAYS_SEARCH_USER_PATHS = NO;
				CLANG_ANALYZER_NONNULL = YES;
				CLANG_ANALYZER_NUMBER_OBJECT_CONVERSION = YES_AGGRESSIVE;
				CLANG_CXX_LANGUAGE_STANDARD = "gnu++20";
				CLANG_ENABLE_MODULES = YES;
				CLANG_ENABLE_OBJC_ARC = YES;
				CLANG_ENABLE_OBJC_WEAK = YES;
				CLANG_WARN_BLOCK_CAPTURE_AUTORELEASING = YES;
				CLANG_WARN_BOOL_CONVERSION = YES;
				CLANG_WARN_COMMA = YES;
				CLANG_WARN_CONSTANT_CONVERSION = YES;
				CLANG_WARN_DEPRECATED_OBJC_IMPLEMENTATIONS = YES;
				CLANG_WARN_DIRECT_OBJC_ISA_USAGE = YES_ERROR;
				CLANG_WARN_DOCUMENTATION_COMMENTS = YES;
				CLANG_WARN_EMPTY_BODY = YES;
				CLANG_WARN_ENUM_CONVERSION = YES;
				CLANG_WARN_INFINITE_RECURSION = YES;
				CLANG_WARN_INT_CONVERSION = YES;
				CLANG_WARN_NON_LITERAL_NULL_CONVERSION = YES;
				CLANG_WARN_OBJC_IMPLICIT_RETAIN_SELF = YES;
				CLANG_WARN_OBJC_LITERAL_CONVERSION = YES;
				CLANG_WARN_OBJC_ROOT_CLASS = YES_ERROR;
				CLANG_WARN_QUOTED_INCLUDE_IN_FRAMEWORK_HEADER = YES;
				CLANG_WARN_RANGE_LOOP_ANALYSIS = YES;
				CLANG_WARN_STRICT_PROTOTYPES = YES;
				CLANG_WARN_SUSPICIOUS_MOVE = YES;
				CLANG_WARN_UNGUARDED_AVAILABILITY = YES_AGGRESSIVE;
				CLANG_WARN_UNREACHABLE_CODE = YES;
				CLANG_WARN__DUPLICATE_METHOD_MATCH = YES;
				COPY_PHASE_STRIP = NO;
				DEBUG_INFORMATION_FORMAT = "dwarf-with-dsym";
				ENABLE_NS_ASSERTIONS = NO;
				ENABLE_STRICT_OBJC_MSGSEND = YES;
				GCC_C_LANGUAGE_STANDARD = gnu11;
				GCC_NO_COMMON_BLOCKS = YES;
				GCC_WARN_64_TO_32_BIT_CONVERSION = YES;
				GCC_WARN_ABOUT_RETURN_TYPE = YES_ERROR;
				GCC_WARN_UNDECLARED_SELECTOR = YES;
				GCC_WARN_UNINITIALIZED_AUTOS = YES_AGGRESSIVE;
				GCC_WARN_UNUSED_FUNCTION = YES;
				GCC_WARN_UNUSED_VARIABLE = YES;
				MTL_ENABLE_DEBUG_INFO = NO;
				MTL_FAST_MATH = YES;
				SWIFT_COMPILATION_MODE = wholemodule;
				SWIFT_OPTIMIZATION_LEVEL = "-O";
			};
			name = Release;
		};
		1B45023A2A3FDE590002F5D9 /* Debug */ = {
			isa = XCBuildConfiguration;
			buildSettings = {
				ASSETCATALOG_COMPILER_APPICON_NAME = AppIcon;
				ASSETCATALOG_COMPILER_GLOBAL_ACCENT_COLOR_NAME = AccentColor;
				CODE_SIGN_ENTITLEMENTS = mechatro3/mechatro3.entitlements;
				CODE_SIGN_STYLE = Automatic;
				CURRENT_PROJECT_VERSION = 1;
				DEVELOPMENT_ASSET_PATHS = "\"mechatro3/Preview Content\"";
				DEVELOPMENT_TEAM = RM9X9349HD;
				ENABLE_HARDENED_RUNTIME = YES;
				ENABLE_PREVIEWS = YES;
				GENERATE_INFOPLIST_FILE = YES;
				INFOPLIST_KEY_CFBundleDisplayName = TATA;
				"INFOPLIST_KEY_UIApplicationSceneManifest_Generation[sdk=iphoneos*]" = YES;
				"INFOPLIST_KEY_UIApplicationSceneManifest_Generation[sdk=iphonesimulator*]" = YES;
				"INFOPLIST_KEY_UIApplicationSupportsIndirectInputEvents[sdk=iphoneos*]" = YES;
				"INFOPLIST_KEY_UIApplicationSupportsIndirectInputEvents[sdk=iphonesimulator*]" = YES;
				"INFOPLIST_KEY_UILaunchScreen_Generation[sdk=iphoneos*]" = YES;
				"INFOPLIST_KEY_UILaunchScreen_Generation[sdk=iphonesimulator*]" = YES;
				INFOPLIST_KEY_UIRequiresFullScreen = NO;
				INFOPLIST_KEY_UIStatusBarStyle = UIStatusBarStyleLightContent;
				"INFOPLIST_KEY_UIStatusBarStyle[sdk=iphoneos*]" = UIStatusBarStyleDefault;
				"INFOPLIST_KEY_UIStatusBarStyle[sdk=iphonesimulator*]" = UIStatusBarStyleDefault;
				INFOPLIST_KEY_UISupportedInterfaceOrientations = "UIInterfaceOrientationLandscapeLeft UIInterfaceOrientationLandscapeRight";
				IPHONEOS_DEPLOYMENT_TARGET = 16.4;
				LD_RUNPATH_SEARCH_PATHS = "@executable_path/Frameworks";
				"LD_RUNPATH_SEARCH_PATHS[sdk=macosx*]" = "@executable_path/../Frameworks";
				MACOSX_DEPLOYMENT_TARGET = 13.3;
				MARKETING_VERSION = 1.0;
				PRODUCT_BUNDLE_IDENTIFIER = SHIKA.mechatro3;
				PRODUCT_NAME = "$(TARGET_NAME)";
				SDKROOT = auto;
				SUPPORTED_PLATFORMS = "iphoneos iphonesimulator";
				SUPPORTS_MACCATALYST = NO;
				SUPPORTS_MAC_DESIGNED_FOR_IPHONE_IPAD = NO;
				SWIFT_EMIT_LOC_STRINGS = YES;
				SWIFT_VERSION = 5.0;
				TARGETED_DEVICE_FAMILY = "1,2";
			};
			name = Debug;
		};
		1B45023B2A3FDE590002F5D9 /* Release */ = {
			isa = XCBuildConfiguration;
			buildSettings = {
				ASSETCATALOG_COMPILER_APPICON_NAME = AppIcon;
				ASSETCATALOG_COMPILER_GLOBAL_ACCENT_COLOR_NAME = AccentColor;
				CODE_SIGN_ENTITLEMENTS = mechatro3/mechatro3.entitlements;
				CODE_SIGN_STYLE = Automatic;
				CURRENT_PROJECT_VERSION = 1;
				DEVELOPMENT_ASSET_PATHS = "\"mechatro3/Preview Content\"";
				DEVELOPMENT_TEAM = RM9X9349HD;
				ENABLE_HARDENED_RUNTIME = YES;
				ENABLE_PREVIEWS = YES;
				GENERATE_INFOPLIST_FILE = YES;
				INFOPLIST_KEY_CFBundleDisplayName = TATA;
				"INFOPLIST_KEY_UIApplicationSceneManifest_Generation[sdk=iphoneos*]" = YES;
				"INFOPLIST_KEY_UIApplicationSceneManifest_Generation[sdk=iphonesimulator*]" = YES;
				"INFOPLIST_KEY_UIApplicationSupportsIndirectInputEvents[sdk=iphoneos*]" = YES;
				"INFOPLIST_KEY_UIApplicationSupportsIndirectInputEvents[sdk=iphonesimulator*]" = YES;
				"INFOPLIST_KEY_UILaunchScreen_Generation[sdk=iphoneos*]" = YES;
				"INFOPLIST_KEY_UILaunchScreen_Generation[sdk=iphonesimulator*]" = YES;
				INFOPLIST_KEY_UIRequiresFullScreen = NO;
				INFOPLIST_KEY_UIStatusBarStyle = UIStatusBarStyleLightContent;
				"INFOPLIST_KEY_UIStatusBarStyle[sdk=iphoneos*]" = UIStatusBarStyleDefault;
				"INFOPLIST_KEY_UIStatusBarStyle[sdk=iphonesimulator*]" = UIStatusBarStyleDefault;
				INFOPLIST_KEY_UISupportedInterfaceOrientations = "UIInterfaceOrientationLandscapeLeft UIInterfaceOrientationLandscapeRight";
				IPHONEOS_DEPLOYMENT_TARGET = 16.4;
				LD_RUNPATH_SEARCH_PATHS = "@executable_path/Frameworks";
				"LD_RUNPATH_SEARCH_PATHS[sdk=macosx*]" = "@executable_path/../Frameworks";
				MACOSX_DEPLOYMENT_TARGET = 13.3;
				MARKETING_VERSION = 1.0;
				PRODUCT_BUNDLE_IDENTIFIER = SHIKA.mechatro3;
				PRODUCT_NAME = "$(TARGET_NAME)";
				SDKROOT = auto;
				SUPPORTED_PLATFORMS = "iphoneos iphonesimulator";
				SUPPORTS_MACCATALYST = NO;
				SUPPORTS_MAC_DESIGNED_FOR_IPHONE_IPAD = NO;
				SWIFT_EMIT_LOC_STRINGS = YES;
				SWIFT_VERSION = 5.0;
				TARGETED_DEVICE_FAMILY = "1,2";
			};
			name = Release;
		};
/* End XCBuildConfiguration section */

/* Begin XCConfigurationList section */
		1B4502252A3FDE580002F5D9 /* Build configuration list for PBXProject "mechatro3" */ = {
			isa = XCConfigurationList;
			buildConfigurations = (
				1B4502372A3FDE590002F5D9 /* Debug */,
				1B4502382A3FDE590002F5D9 /* Release */,
			);
			defaultConfigurationIsVisible = 0;
			defaultConfigurationName = Release;
		};
		1B4502392A3FDE590002F5D9 /* Build configuration list for PBXNativeTarget "mechatro3" */ = {
			isa = XCConfigurationList;
			buildConfigurations = (
				1B45023A2A3FDE590002F5D9 /* Debug */,
				1B45023B2A3FDE590002F5D9 /* Release */,
			);
			defaultConfigurationIsVisible = 0;
			defaultConfigurationName = Release;
		};
/* End XCConfigurationList section */
	};
	rootObject = 1B4502222A3FDE580002F5D9 /* Project object */;
}
